
Microsoft Visual Studio Solution File, Format Version 12.00
# Visual Studio 14
VisualStudioVersion = 14.0.23107.0
MinimumVisualStudioVersion = 10.0.40219.1
Project("{FAE04EC0-301F-11D3-BF4B-00C04F79EFBC}") = "P2PClient", "P2PClient\P2PClient.csproj", "{DA970A31-638F-4214-9320-B4DC2B313329}"
EndProject
Global
	GlobalSection(SolutionConfigurationPlatforms) = preSolution
		Debug|Any CPU = Debug|Any CPU
		Release|Any CPU = Release|Any CPU
	EndGlobalSection
	GlobalSection(ProjectConfigurationPlatforms) = postSolution
		{DA970A31-638F-4214-9320-B4DC2B313329}.Debug|Any CPU.ActiveCfg = Debug|Any CPU
		{DA970A31-638F-4214-9320-B4DC2B313329}.Debug|Any CPU.Build.0 = Debug|Any CPU
		{DA970A31-638F-4214-9320-B4DC2B313329}.Release|Any CPU.ActiveCfg = Release|Any CPU
		{DA970A31-638F-4214-9320-B4DC2B313329}.Release|Any CPU.Build.0 = Release|Any CPU
	EndGlobalSection
	GlobalSection(SolutionProperties) = preSolution
		HideSolutionNode = FALSE
	EndGlobalSection
EndGlobal
