
Microsoft Visual Studio Solution File, Format Version 12.00
# Visual Studio 14
VisualStudioVersion = 14.0.23107.0
MinimumVisualStudioVersion = 10.0.40219.1
Project("{FAE04EC0-301F-11D3-BF4B-00C04F79EFBC}") = "GetConnectedServer", "GetConnectedServer\GetConnectedServer.csproj", "{285BC15B-EC40-415F-93A3-3F93D72517CA}"
EndProject
Project("{FAE04EC0-301F-11D3-BF4B-00C04F79EFBC}") = "Shared", "..\Shared\Shared.csproj", "{399E2711-902A-41FE-8883-6DAFFCE50E01}"
EndProject
Global
	GlobalSection(SolutionConfigurationPlatforms) = preSolution
		Debug|Any CPU = Debug|Any CPU
		Release|Any CPU = Release|Any CPU
	EndGlobalSection
	GlobalSection(ProjectConfigurationPlatforms) = postSolution
		{285BC15B-EC40-415F-93A3-3F93D72517CA}.Debug|Any CPU.ActiveCfg = Debug|Any CPU
		{285BC15B-EC40-415F-93A3-3F93D72517CA}.Debug|Any CPU.Build.0 = Debug|Any CPU
		{285BC15B-EC40-415F-93A3-3F93D72517CA}.Release|Any CPU.ActiveCfg = Release|Any CPU
		{285BC15B-EC40-415F-93A3-3F93D72517CA}.Release|Any CPU.Build.0 = Release|Any CPU
		{399E2711-902A-41FE-8883-6DAFFCE50E01}.Debug|Any CPU.ActiveCfg = Debug|Any CPU
		{399E2711-902A-41FE-8883-6DAFFCE50E01}.Debug|Any CPU.Build.0 = Debug|Any CPU
		{399E2711-902A-41FE-8883-6DAFFCE50E01}.Release|Any CPU.ActiveCfg = Release|Any CPU
		{399E2711-902A-41FE-8883-6DAFFCE50E01}.Release|Any CPU.Build.0 = Release|Any CPU
	EndGlobalSection
	GlobalSection(SolutionProperties) = preSolution
		HideSolutionNode = FALSE
	EndGlobalSection
EndGlobal
